
Microsoft Visual Studio Solution File, Format Version 12.00
# Visual Studio 2013
VisualStudioVersion = 12.0.31101.0
MinimumVisualStudioVersion = 10.0.40219.1
Project("{FAE04EC0-301F-11D3-BF4B-00C04F79EFBC}") = "GSATools.VersioningUtil", "GSATools\GSATools.VersioningUtil.csproj", "{AC413BCF-2877-4376-A217-7B452E8D2480}"
EndProject
Project("{FAE04EC0-301F-11D3-BF4B-00C04F79EFBC}") = "GSATools.Core", "GSATools.Core\GSATools.Core.csproj", "{BEA2FA2C-8522-435F-A130-AD3D1D5EE29A}"
EndProject
Project("{FAE04EC0-301F-11D3-BF4B-00C04F79EFBC}") = "GSATools.RecrawlUtil", "GSATools.RecrawlUtil\GSATools.RecrawlUtil.csproj", "{BE19F6C1-809E-48F4-B978-66019573EF40}"
EndProject
Project("{FAE04EC0-301F-11D3-BF4B-00C04F79EFBC}") = "GSATools.IndexAnalyser", "GSA.Tools.IndexAnalyser\GSATools.IndexAnalyser.csproj", "{A48E09EC-E3AF-420B-B36B-2DC2700A2515}"
EndProject
Global
	GlobalSection(SolutionConfigurationPlatforms) = preSolution
		Debug|Any CPU = Debug|Any CPU
		Release|Any CPU = Release|Any CPU
	EndGlobalSection
	GlobalSection(ProjectConfigurationPlatforms) = postSolution
		{AC413BCF-2877-4376-A217-7B452E8D2480}.Debug|Any CPU.ActiveCfg = Debug|Any CPU
		{AC413BCF-2877-4376-A217-7B452E8D2480}.Debug|Any CPU.Build.0 = Debug|Any CPU
		{AC413BCF-2877-4376-A217-7B452E8D2480}.Release|Any CPU.ActiveCfg = Release|Any CPU
		{AC413BCF-2877-4376-A217-7B452E8D2480}.Release|Any CPU.Build.0 = Release|Any CPU
		{BEA2FA2C-8522-435F-A130-AD3D1D5EE29A}.Debug|Any CPU.ActiveCfg = Debug|Any CPU
		{BEA2FA2C-8522-435F-A130-AD3D1D5EE29A}.Debug|Any CPU.Build.0 = Debug|Any CPU
		{BEA2FA2C-8522-435F-A130-AD3D1D5EE29A}.Release|Any CPU.ActiveCfg = Release|Any CPU
		{BEA2FA2C-8522-435F-A130-AD3D1D5EE29A}.Release|Any CPU.Build.0 = Release|Any CPU
		{BE19F6C1-809E-48F4-B978-66019573EF40}.Debug|Any CPU.ActiveCfg = Debug|Any CPU
		{BE19F6C1-809E-48F4-B978-66019573EF40}.Debug|Any CPU.Build.0 = Debug|Any CPU
		{BE19F6C1-809E-48F4-B978-66019573EF40}.Release|Any CPU.ActiveCfg = Release|Any CPU
		{BE19F6C1-809E-48F4-B978-66019573EF40}.Release|Any CPU.Build.0 = Release|Any CPU
		{A48E09EC-E3AF-420B-B36B-2DC2700A2515}.Debug|Any CPU.ActiveCfg = Debug|Any CPU
		{A48E09EC-E3AF-420B-B36B-2DC2700A2515}.Debug|Any CPU.Build.0 = Debug|Any CPU
		{A48E09EC-E3AF-420B-B36B-2DC2700A2515}.Release|Any CPU.ActiveCfg = Release|Any CPU
		{A48E09EC-E3AF-420B-B36B-2DC2700A2515}.Release|Any CPU.Build.0 = Release|Any CPU
	EndGlobalSection
	GlobalSection(SolutionProperties) = preSolution
		HideSolutionNode = FALSE
	EndGlobalSection
EndGlobal
